
Microsoft Visual Studio Solution File, Format Version 12.00
# Visual Studio Version 16
VisualStudioVersion = 16.0.808.6
MinimumVisualStudioVersion = 10.0.40219.1
Project("{FAE04EC0-301F-11D3-BF4B-00C04F79EFBC}") = "parser_dates", "parser_dates\parser_dates.csproj", "{0768A171-C743-4606-BE93-3B83612C78D1}"
EndProject
Global
	GlobalSection(SolutionConfigurationPlatforms) = preSolution
		Debug|Any CPU = Debug|Any CPU
		Release|Any CPU = Release|Any CPU
	EndGlobalSection
	GlobalSection(ProjectConfigurationPlatforms) = postSolution
		{0768A171-C743-4606-BE93-3B83612C78D1}.Debug|Any CPU.ActiveCfg = Debug|Any CPU
		{0768A171-C743-4606-BE93-3B83612C78D1}.Debug|Any CPU.Build.0 = Debug|Any CPU
		{0768A171-C743-4606-BE93-3B83612C78D1}.Release|Any CPU.ActiveCfg = Release|Any CPU
		{0768A171-C743-4606-BE93-3B83612C78D1}.Release|Any CPU.Build.0 = Release|Any CPU
	EndGlobalSection
	GlobalSection(SolutionProperties) = preSolution
		HideSolutionNode = FALSE
	EndGlobalSection
	GlobalSection(ExtensibilityGlobals) = postSolution
		SolutionGuid = {D868BCDB-BAD5-4D98-B0F0-5880F918D3EF}
	EndGlobalSection
EndGlobal
